
Microsoft Visual Studio Solution File, Format Version 12.00
# Visual Studio 15
VisualStudioVersion = 15.0.28307.1705
MinimumVisualStudioVersion = 10.0.40219.1
Project("{FAE04EC0-301F-11D3-BF4B-00C04F79EFBC}") = "DragDropTreeViewSample", "DragDropTreeViewSample\DragDropTreeViewSample.csproj", "{5FE66DBE-D699-41AE-9EC4-C7087C0071E7}"
EndProject
Global
	GlobalSection(SolutionConfigurationPlatforms) = preSolution
		Debug|Any CPU = Debug|Any CPU
		Release|Any CPU = Release|Any CPU
	EndGlobalSection
	GlobalSection(ProjectConfigurationPlatforms) = postSolution
		{5FE66DBE-D699-41AE-9EC4-C7087C0071E7}.Debug|Any CPU.ActiveCfg = Debug|Any CPU
		{5FE66DBE-D699-41AE-9EC4-C7087C0071E7}.Debug|Any CPU.Build.0 = Debug|Any CPU
		{5FE66DBE-D699-41AE-9EC4-C7087C0071E7}.Release|Any CPU.ActiveCfg = Release|Any CPU
		{5FE66DBE-D699-41AE-9EC4-C7087C0071E7}.Release|Any CPU.Build.0 = Release|Any CPU
	EndGlobalSection
	GlobalSection(SolutionProperties) = preSolution
		HideSolutionNode = FALSE
	EndGlobalSection
	GlobalSection(ExtensibilityGlobals) = postSolution
		SolutionGuid = {A14D8D80-CE8D-4976-BE62-412574EBCF96}
	EndGlobalSection
EndGlobal
